// !$*UTF8*$!
{
	archiveVersion = 1;
	classes = {
	};
	objectVersion = 50;
	objects = {

/* Begin PBXBuildFile section */
		0C7ADFD0AF64BC38D359DB38 /* Pods_testCoverageTests.framework in Frameworks */ = {isa = PBXBuildFile; fileRef = 2F879AC7E3C3443CE453378B /* Pods_testCoverageTests.framework */; };
		98D6A6AA25E8197000EF03CA /* AppDelegate.swift in Sources */ = {isa = PBXBuildFile; fileRef = 98D6A6A925E8197000EF03CA /* AppDelegate.swift */; };
		98D6A6AC25E8197000EF03CA /* SceneDelegate.swift in Sources */ = {isa = PBXBuildFile; fileRef = 98D6A6AB25E8197000EF03CA /* SceneDelegate.swift */; };
		98D6A6AE25E8197000EF03CA /* ViewController.swift in Sources */ = {isa = PBXBuildFile; fileRef = 98D6A6AD25E8197000EF03CA /* ViewController.swift */; };
		98D6A6B125E8197000EF03CA /* Main.storyboard in Resources */ = {isa = PBXBuildFile; fileRef = 98D6A6AF25E8197000EF03CA /* Main.storyboard */; };
		98D6A6B325E8197200EF03CA /* Assets.xcassets in Resources */ = {isa = PBXBuildFile; fileRef = 98D6A6B225E8197200EF03CA /* Assets.xcassets */; };
		98D6A6B625E8197200EF03CA /* LaunchScreen.storyboard in Resources */ = {isa = PBXBuildFile; fileRef = 98D6A6B425E8197200EF03CA /* LaunchScreen.storyboard */; };
		98D6A6C125E8197200EF03CA /* testCoverageTests.swift in Sources */ = {isa = PBXBuildFile; fileRef = 98D6A6C025E8197200EF03CA /* testCoverageTests.swift */; };
		98D6A6DD25E81A1000EF03CA /* TestClass.swift in Sources */ = {isa = PBXBuildFile; fileRef = 98D6A6DC25E81A1000EF03CA /* TestClass.swift */; };
		A0FADD94E4608E808A88EB30 /* Pods_testCoverage.framework in Frameworks */ = {isa = PBXBuildFile; fileRef = 28BA04358BA87B8F9958FEBA /* Pods_testCoverage.framework */; };
/* End PBXBuildFile section */

/* Begin PBXContainerItemProxy section */
		98D6A6BD25E8197200EF03CA /* PBXContainerItemProxy */ = {
			isa = PBXContainerItemProxy;
			containerPortal = 98D6A69E25E8197000EF03CA /* Project object */;
			proxyType = 1;
			remoteGlobalIDString = 98D6A6A525E8197000EF03CA;
			remoteInfo = testCoverage;
		};
/* End PBXContainerItemProxy section */

/* Begin PBXFileReference section */
		09504A950DEB11EAE2D785EF /* Pods-testCoverage-testCoverageUITests.debug.xcconfig */ = {isa = PBXFileReference; includeInIndex = 1; lastKnownFileType = text.xcconfig; name = "Pods-testCoverage-testCoverageUITests.debug.xcconfig"; path = "Target Support Files/Pods-testCoverage-testCoverageUITests/Pods-testCoverage-testCoverageUITests.debug.xcconfig"; sourceTree = "<group>"; };
		1CCD4AE84F2F352A9158D9A9 /* Pods_testCoverage_testCoverageUITests.framework */ = {isa = PBXFileReference; explicitFileType = wrapper.framework; includeInIndex = 0; path = Pods_testCoverage_testCoverageUITests.framework; sourceTree = BUILT_PRODUCTS_DIR; };
		1F0E6176CFF889C14BCDD82D /* Pods-testCoverage.debug.xcconfig */ = {isa = PBXFileReference; includeInIndex = 1; lastKnownFileType = text.xcconfig; name = "Pods-testCoverage.debug.xcconfig"; path = "Target Support Files/Pods-testCoverage/Pods-testCoverage.debug.xcconfig"; sourceTree = "<group>"; };
		225AC1729502EC249030D7CA /* Pods-testCoverageTests.debug.xcconfig */ = {isa = PBXFileReference; includeInIndex = 1; lastKnownFileType = text.xcconfig; name = "Pods-testCoverageTests.debug.xcconfig"; path = "Target Support Files/Pods-testCoverageTests/Pods-testCoverageTests.debug.xcconfig"; sourceTree = "<group>"; };
		28BA04358BA87B8F9958FEBA /* Pods_testCoverage.framework */ = {isa = PBXFileReference; explicitFileType = wrapper.framework; includeInIndex = 0; path = Pods_testCoverage.framework; sourceTree = BUILT_PRODUCTS_DIR; };
		2F879AC7E3C3443CE453378B /* Pods_testCoverageTests.framework */ = {isa = PBXFileReference; explicitFileType = wrapper.framework; includeInIndex = 0; path = Pods_testCoverageTests.framework; sourceTree = BUILT_PRODUCTS_DIR; };
		354C5CBE0AB1EF9DF2B73200 /* Pods-testCoverage-testCoverageUITests.release.xcconfig */ = {isa = PBXFileReference; includeInIndex = 1; lastKnownFileType = text.xcconfig; name = "Pods-testCoverage-testCoverageUITests.release.xcconfig"; path = "Target Support Files/Pods-testCoverage-testCoverageUITests/Pods-testCoverage-testCoverageUITests.release.xcconfig"; sourceTree = "<group>"; };
		4030D84D70C2CC7C1A2D19C2 /* Pods-testCoverage.release.xcconfig */ = {isa = PBXFileReference; includeInIndex = 1; lastKnownFileType = text.xcconfig; name = "Pods-testCoverage.release.xcconfig"; path = "Target Support Files/Pods-testCoverage/Pods-testCoverage.release.xcconfig"; sourceTree = "<group>"; };
		6C77B264683DE9F6229C2F7E /* Pods-testCoverageTests.release.xcconfig */ = {isa = PBXFileReference; includeInIndex = 1; lastKnownFileType = text.xcconfig; name = "Pods-testCoverageTests.release.xcconfig"; path = "Target Support Files/Pods-testCoverageTests/Pods-testCoverageTests.release.xcconfig"; sourceTree = "<group>"; };
		98D6A6A625E8197000EF03CA /* testCoverage.app */ = {isa = PBXFileReference; explicitFileType = wrapper.application; includeInIndex = 0; path = testCoverage.app; sourceTree = BUILT_PRODUCTS_DIR; };
		98D6A6A925E8197000EF03CA /* AppDelegate.swift */ = {isa = PBXFileReference; lastKnownFileType = sourcecode.swift; path = AppDelegate.swift; sourceTree = "<group>"; };
		98D6A6AB25E8197000EF03CA /* SceneDelegate.swift */ = {isa = PBXFileReference; lastKnownFileType = sourcecode.swift; path = SceneDelegate.swift; sourceTree = "<group>"; };
		98D6A6AD25E8197000EF03CA /* ViewController.swift */ = {isa = PBXFileReference; lastKnownFileType = sourcecode.swift; path = ViewController.swift; sourceTree = "<group>"; };
		98D6A6B025E8197000EF03CA /* Base */ = {isa = PBXFileReference; lastKnownFileType = file.storyboard; name = Base; path = Base.lproj/Main.storyboard; sourceTree = "<group>"; };
		98D6A6B225E8197200EF03CA /* Assets.xcassets */ = {isa = PBXFileReference; lastKnownFileType = folder.assetcatalog; path = Assets.xcassets; sourceTree = "<group>"; };
		98D6A6B525E8197200EF03CA /* Base */ = {isa = PBXFileReference; lastKnownFileType = file.storyboard; name = Base; path = Base.lproj/LaunchScreen.storyboard; sourceTree = "<group>"; };
		98D6A6B725E8197200EF03CA /* Info.plist */ = {isa = PBXFileReference; lastKnownFileType = text.plist.xml; path = Info.plist; sourceTree = "<group>"; };
		98D6A6BC25E8197200EF03CA /* testCoverageTests.xctest */ = {isa = PBXFileReference; explicitFileType = wrapper.cfbundle; includeInIndex = 0; path = testCoverageTests.xctest; sourceTree = BUILT_PRODUCTS_DIR; };
		98D6A6C025E8197200EF03CA /* testCoverageTests.swift */ = {isa = PBXFileReference; lastKnownFileType = sourcecode.swift; path = testCoverageTests.swift; sourceTree = "<group>"; };
		98D6A6C225E8197200EF03CA /* Info.plist */ = {isa = PBXFileReference; lastKnownFileType = text.plist.xml; path = Info.plist; sourceTree = "<group>"; };
		98D6A6DC25E81A1000EF03CA /* TestClass.swift */ = {isa = PBXFileReference; lastKnownFileType = sourcecode.swift; path = TestClass.swift; sourceTree = "<group>"; };
/* End PBXFileReference section */

/* Begin PBXFrameworksBuildPhase section */
		98D6A6A325E8197000EF03CA /* Frameworks */ = {
			isa = PBXFrameworksBuildPhase;
			buildActionMask = 2147483647;
			files = (
				A0FADD94E4608E808A88EB30 /* Pods_testCoverage.framework in Frameworks */,
			);
			runOnlyForDeploymentPostprocessing = 0;
		};
		98D6A6B925E8197200EF03CA /* Frameworks */ = {
			isa = PBXFrameworksBuildPhase;
			buildActionMask = 2147483647;
			files = (
				0C7ADFD0AF64BC38D359DB38 /* Pods_testCoverageTests.framework in Frameworks */,
			);
			runOnlyForDeploymentPostprocessing = 0;
		};
/* End PBXFrameworksBuildPhase section */

/* Begin PBXGroup section */
		78B8822FDE7DBF52A712C60D /* Frameworks */ = {
			isa = PBXGroup;
			children = (
				28BA04358BA87B8F9958FEBA /* Pods_testCoverage.framework */,
				1CCD4AE84F2F352A9158D9A9 /* Pods_testCoverage_testCoverageUITests.framework */,
				2F879AC7E3C3443CE453378B /* Pods_testCoverageTests.framework */,
			);
			name = Frameworks;
			sourceTree = "<group>";
		};
		98D6A69D25E8197000EF03CA = {
			isa = PBXGroup;
			children = (
				98D6A6A825E8197000EF03CA /* testCoverage */,
				98D6A6BF25E8197200EF03CA /* testCoverageTests */,
				98D6A6A725E8197000EF03CA /* Products */,
				DAF104059A13D09C149B3FF0 /* Pods */,
				78B8822FDE7DBF52A712C60D /* Frameworks */,
			);
			sourceTree = "<group>";
		};
		98D6A6A725E8197000EF03CA /* Products */ = {
			isa = PBXGroup;
			children = (
				98D6A6A625E8197000EF03CA /* testCoverage.app */,
				98D6A6BC25E8197200EF03CA /* testCoverageTests.xctest */,
			);
			name = Products;
			sourceTree = "<group>";
		};
		98D6A6A825E8197000EF03CA /* testCoverage */ = {
			isa = PBXGroup;
			children = (
				98D6A6A925E8197000EF03CA /* AppDelegate.swift */,
				98D6A6AB25E8197000EF03CA /* SceneDelegate.swift */,
				98D6A6AD25E8197000EF03CA /* ViewController.swift */,
				98D6A6AF25E8197000EF03CA /* Main.storyboard */,
				98D6A6B225E8197200EF03CA /* Assets.xcassets */,
				98D6A6B425E8197200EF03CA /* LaunchScreen.storyboard */,
				98D6A6B725E8197200EF03CA /* Info.plist */,
				98D6A6DC25E81A1000EF03CA /* TestClass.swift */,
			);
			path = testCoverage;
			sourceTree = "<group>";
		};
		98D6A6BF25E8197200EF03CA /* testCoverageTests */ = {
			isa = PBXGroup;
			children = (
				98D6A6C025E8197200EF03CA /* testCoverageTests.swift */,
				98D6A6C225E8197200EF03CA /* Info.plist */,
			);
			path = testCoverageTests;
			sourceTree = "<group>";
		};
		DAF104059A13D09C149B3FF0 /* Pods */ = {
			isa = PBXGroup;
			children = (
				1F0E6176CFF889C14BCDD82D /* Pods-testCoverage.debug.xcconfig */,
				4030D84D70C2CC7C1A2D19C2 /* Pods-testCoverage.release.xcconfig */,
				09504A950DEB11EAE2D785EF /* Pods-testCoverage-testCoverageUITests.debug.xcconfig */,
				354C5CBE0AB1EF9DF2B73200 /* Pods-testCoverage-testCoverageUITests.release.xcconfig */,
				225AC1729502EC249030D7CA /* Pods-testCoverageTests.debug.xcconfig */,
				6C77B264683DE9F6229C2F7E /* Pods-testCoverageTests.release.xcconfig */,
			);
			path = Pods;
			sourceTree = "<group>";
		};
/* End PBXGroup section */

/* Begin PBXNativeTarget section */
		98D6A6A525E8197000EF03CA /* testCoverage */ = {
			isa = PBXNativeTarget;
			buildConfigurationList = 98D6A6D025E8197200EF03CA /* Build configuration list for PBXNativeTarget "testCoverage" */;
			buildPhases = (
				C4E990EE0C85E17336D7AD57 /* [CP] Check Pods Manifest.lock */,
				98D6A6A225E8197000EF03CA /* Sources */,
				98D6A6A325E8197000EF03CA /* Frameworks */,
				98D6A6A425E8197000EF03CA /* Resources */,
				6AC1E76EC5F2274A122158FA /* [CP] Embed Pods Frameworks */,
			);
			buildRules = (
			);
			dependencies = (
			);
			name = testCoverage;
			productName = testCoverage;
			productReference = 98D6A6A625E8197000EF03CA /* testCoverage.app */;
			productType = "com.apple.product-type.application";
		};
		98D6A6BB25E8197200EF03CA /* testCoverageTests */ = {
			isa = PBXNativeTarget;
			buildConfigurationList = 98D6A6D325E8197200EF03CA /* Build configuration list for PBXNativeTarget "testCoverageTests" */;
			buildPhases = (
				76EF8911E2B5D885516E6EC3 /* [CP] Check Pods Manifest.lock */,
				98D6A6B825E8197200EF03CA /* Sources */,
				98D6A6B925E8197200EF03CA /* Frameworks */,
				98D6A6BA25E8197200EF03CA /* Resources */,
			);
			buildRules = (
			);
			dependencies = (
				98D6A6BE25E8197200EF03CA /* PBXTargetDependency */,
			);
			name = testCoverageTests;
			productName = testCoverageTests;
			productReference = 98D6A6BC25E8197200EF03CA /* testCoverageTests.xctest */;
			productType = "com.apple.product-type.bundle.unit-test";
		};
/* End PBXNativeTarget section */

/* Begin PBXProject section */
		98D6A69E25E8197000EF03CA /* Project object */ = {
			isa = PBXProject;
			attributes = {
				LastSwiftUpdateCheck = 1240;
				LastUpgradeCheck = 1240;
				TargetAttributes = {
					98D6A6A525E8197000EF03CA = {
						CreatedOnToolsVersion = 12.4;
					};
					98D6A6BB25E8197200EF03CA = {
						CreatedOnToolsVersion = 12.4;
						TestTargetID = 98D6A6A525E8197000EF03CA;
					};
				};
			};
			buildConfigurationList = 98D6A6A125E8197000EF03CA /* Build configuration list for PBXProject "testCoverage" */;
			compatibilityVersion = "Xcode 9.3";
			developmentRegion = en;
			hasScannedForEncodings = 0;
			knownRegions = (
				en,
				Base,
			);
			mainGroup = 98D6A69D25E8197000EF03CA;
			productRefGroup = 98D6A6A725E8197000EF03CA /* Products */;
			projectDirPath = "";
			projectRoot = "";
			targets = (
				98D6A6A525E8197000EF03CA /* testCoverage */,
				98D6A6BB25E8197200EF03CA /* testCoverageTests */,
			);
		};
/* End PBXProject section */

/* Begin PBXResourcesBuildPhase section */
		98D6A6A425E8197000EF03CA /* Resources */ = {
			isa = PBXResourcesBuildPhase;
			buildActionMask = 2147483647;
			files = (
				98D6A6B625E8197200EF03CA /* LaunchScreen.storyboard in Resources */,
				98D6A6B325E8197200EF03CA /* Assets.xcassets in Resources */,
				98D6A6B125E8197000EF03CA /* Main.storyboard in Resources */,
			);
			runOnlyForDeploymentPostprocessing = 0;
		};
		98D6A6BA25E8197200EF03CA /* Resources */ = {
			isa = PBXResourcesBuildPhase;
			buildActionMask = 2147483647;
			files = (
			);
			runOnlyForDeploymentPostprocessing = 0;
		};
/* End PBXResourcesBuildPhase section */

/* Begin PBXShellScriptBuildPhase section */
		6AC1E76EC5F2274A122158FA /* [CP] Embed Pods Frameworks */ = {
			isa = PBXShellScriptBuildPhase;
			buildActionMask = 2147483647;
			files = (
			);
			inputFileListPaths = (
				"${PODS_ROOT}/Target Support Files/Pods-testCoverage/Pods-testCoverage-frameworks-${CONFIGURATION}-input-files.xcfilelist",
			);
			name = "[CP] Embed Pods Frameworks";
			outputFileListPaths = (
				"${PODS_ROOT}/Target Support Files/Pods-testCoverage/Pods-testCoverage-frameworks-${CONFIGURATION}-output-files.xcfilelist",
			);
			runOnlyForDeploymentPostprocessing = 0;
			shellPath = /bin/sh;
			shellScript = "\"${PODS_ROOT}/Target Support Files/Pods-testCoverage/Pods-testCoverage-frameworks.sh\"\n";
			showEnvVarsInLog = 0;
		};
		76EF8911E2B5D885516E6EC3 /* [CP] Check Pods Manifest.lock */ = {
			isa = PBXShellScriptBuildPhase;
			buildActionMask = 2147483647;
			files = (
			);
			inputFileListPaths = (
			);
			inputPaths = (
				"${PODS_PODFILE_DIR_PATH}/Podfile.lock",
				"${PODS_ROOT}/Manifest.lock",
			);
			name = "[CP] Check Pods Manifest.lock";
			outputFileListPaths = (
			);
			outputPaths = (
				"$(DERIVED_FILE_DIR)/Pods-testCoverageTests-checkManifestLockResult.txt",
			);
			runOnlyForDeploymentPostprocessing = 0;
			shellPath = /bin/sh;
			shellScript = "diff \"${PODS_PODFILE_DIR_PATH}/Podfile.lock\" \"${PODS_ROOT}/Manifest.lock\" > /dev/null\nif [ $? != 0 ] ; then\n    # print error to STDERR\n    echo \"error: The sandbox is not in sync with the Podfile.lock. Run 'pod install' or update your CocoaPods installation.\" >&2\n    exit 1\nfi\n# This output is used by Xcode 'outputs' to avoid re-running this script phase.\necho \"SUCCESS\" > \"${SCRIPT_OUTPUT_FILE_0}\"\n";
			showEnvVarsInLog = 0;
		};
		C4E990EE0C85E17336D7AD57 /* [CP] Check Pods Manifest.lock */ = {
			isa = PBXShellScriptBuildPhase;
			buildActionMask = 2147483647;
			files = (
			);
			inputFileListPaths = (
			);
			inputPaths = (
				"${PODS_PODFILE_DIR_PATH}/Podfile.lock",
				"${PODS_ROOT}/Manifest.lock",
			);
			name = "[CP] Check Pods Manifest.lock";
			outputFileListPaths = (
			);
			outputPaths = (
				"$(DERIVED_FILE_DIR)/Pods-testCoverage-checkManifestLockResult.txt",
			);
			runOnlyForDeploymentPostprocessing = 0;
			shellPath = /bin/sh;
			shellScript = "diff \"${PODS_PODFILE_DIR_PATH}/Podfile.lock\" \"${PODS_ROOT}/Manifest.lock\" > /dev/null\nif [ $? != 0 ] ; then\n    # print error to STDERR\n    echo \"error: The sandbox is not in sync with the Podfile.lock. Run 'pod install' or update your CocoaPods installation.\" >&2\n    exit 1\nfi\n# This output is used by Xcode 'outputs' to avoid re-running this script phase.\necho \"SUCCESS\" > \"${SCRIPT_OUTPUT_FILE_0}\"\n";
			showEnvVarsInLog = 0;
		};
/* End PBXShellScriptBuildPhase section */

/* Begin PBXSourcesBuildPhase section */
		98D6A6A225E8197000EF03CA /* Sources */ = {
			isa = PBXSourcesBuildPhase;
			buildActionMask = 2147483647;
			files = (
				98D6A6DD25E81A1000EF03CA /* TestClass.swift in Sources */,
				98D6A6AE25E8197000EF03CA /* ViewController.swift in Sources */,
				98D6A6AA25E8197000EF03CA /* AppDelegate.swift in Sources */,
				98D6A6AC25E8197000EF03CA /* SceneDelegate.swift in Sources */,
			);
			runOnlyForDeploymentPostprocessing = 0;
		};
		98D6A6B825E8197200EF03CA /* Sources */ = {
			isa = PBXSourcesBuildPhase;
			buildActionMask = 2147483647;
			files = (
				98D6A6C125E8197200EF03CA /* testCoverageTests.swift in Sources */,
			);
			runOnlyForDeploymentPostprocessing = 0;
		};
/* End PBXSourcesBuildPhase section */

/* Begin PBXTargetDependency section */
		98D6A6BE25E8197200EF03CA /* PBXTargetDependency */ = {
			isa = PBXTargetDependency;
			target = 98D6A6A525E8197000EF03CA /* testCoverage */;
			targetProxy = 98D6A6BD25E8197200EF03CA /* PBXContainerItemProxy */;
		};
/* End PBXTargetDependency section */

/* Begin PBXVariantGroup section */
		98D6A6AF25E8197000EF03CA /* Main.storyboard */ = {
			isa = PBXVariantGroup;
			children = (
				98D6A6B025E8197000EF03CA /* Base */,
			);
			name = Main.storyboard;
			sourceTree = "<group>";
		};
		98D6A6B425E8197200EF03CA /* LaunchScreen.storyboard */ = {
			isa = PBXVariantGroup;
			children = (
				98D6A6B525E8197200EF03CA /* Base */,
			);
			name = LaunchScreen.storyboard;
			sourceTree = "<group>";
		};
/* End PBXVariantGroup section */

/* Begin XCBuildConfiguration section */
		98D6A6CE25E8197200EF03CA /* Debug */ = {
			isa = XCBuildConfiguration;
			buildSettings = {
				ALWAYS_SEARCH_USER_PATHS = NO;
				CLANG_ANALYZER_NONNULL = YES;
				CLANG_ANALYZER_NUMBER_OBJECT_CONVERSION = YES_AGGRESSIVE;
				CLANG_CXX_LANGUAGE_STANDARD = "gnu++14";
				CLANG_CXX_LIBRARY = "libc++";
				CLANG_ENABLE_MODULES = YES;
				CLANG_ENABLE_OBJC_ARC = YES;
				CLANG_ENABLE_OBJC_WEAK = YES;
				CLANG_WARN_BLOCK_CAPTURE_AUTORELEASING = YES;
				CLANG_WARN_BOOL_CONVERSION = YES;
				CLANG_WARN_COMMA = YES;
				CLANG_WARN_CONSTANT_CONVERSION = YES;
				CLANG_WARN_DEPRECATED_OBJC_IMPLEMENTATIONS = YES;
				CLANG_WARN_DIRECT_OBJC_ISA_USAGE = YES_ERROR;
				CLANG_WARN_DOCUMENTATION_COMMENTS = YES;
				CLANG_WARN_EMPTY_BODY = YES;
				CLANG_WARN_ENUM_CONVERSION = YES;
				CLANG_WARN_INFINITE_RECURSION = YES;
				CLANG_WARN_INT_CONVERSION = YES;
				CLANG_WARN_NON_LITERAL_NULL_CONVERSION = YES;
				CLANG_WARN_OBJC_IMPLICIT_RETAIN_SELF = YES;
				CLANG_WARN_OBJC_LITERAL_CONVERSION = YES;
				CLANG_WARN_OBJC_ROOT_CLASS = YES_ERROR;
				CLANG_WARN_QUOTED_INCLUDE_IN_FRAMEWORK_HEADER = YES;
				CLANG_WARN_RANGE_LOOP_ANALYSIS = YES;
				CLANG_WARN_STRICT_PROTOTYPES = YES;
				CLANG_WARN_SUSPICIOUS_MOVE = YES;
				CLANG_WARN_UNGUARDED_AVAILABILITY = YES_AGGRESSIVE;
				CLANG_WARN_UNREACHABLE_CODE = YES;
				CLANG_WARN__DUPLICATE_METHOD_MATCH = YES;
				COPY_PHASE_STRIP = NO;
				DEBUG_INFORMATION_FORMAT = dwarf;
				ENABLE_STRICT_OBJC_MSGSEND = YES;
				ENABLE_TESTABILITY = YES;
				GCC_C_LANGUAGE_STANDARD = gnu11;
				GCC_DYNAMIC_NO_PIC = NO;
				GCC_NO_COMMON_BLOCKS = YES;
				GCC_OPTIMIZATION_LEVEL = 0;
				GCC_PREPROCESSOR_DEFINITIONS = (
					"DEBUG=1",
					"$(inherited)",
				);
				GCC_WARN_64_TO_32_BIT_CONVERSION = YES;
				GCC_WARN_ABOUT_RETURN_TYPE = YES_ERROR;
				GCC_WARN_UNDECLARED_SELECTOR = YES;
				GCC_WARN_UNINITIALIZED_AUTOS = YES_AGGRESSIVE;
				GCC_WARN_UNUSED_FUNCTION = YES;
				GCC_WARN_UNUSED_VARIABLE = YES;
				IPHONEOS_DEPLOYMENT_TARGET = 14.4;
				MTL_ENABLE_DEBUG_INFO = INCLUDE_SOURCE;
				MTL_FAST_MATH = YES;
				ONLY_ACTIVE_ARCH = YES;
				SDKROOT = iphoneos;
				SWIFT_ACTIVE_COMPILATION_CONDITIONS = DEBUG;
				SWIFT_OPTIMIZATION_LEVEL = "-Onone";
			};
			name = Debug;
		};
		98D6A6CF25E8197200EF03CA /* Release */ = {
			isa = XCBuildConfiguration;
			buildSettings = {
				ALWAYS_SEARCH_USER_PATHS = NO;
				CLANG_ANALYZER_NONNULL = YES;
				CLANG_ANALYZER_NUMBER_OBJECT_CONVERSION = YES_AGGRESSIVE;
				CLANG_CXX_LANGUAGE_STANDARD = "gnu++14";
				CLANG_CXX_LIBRARY = "libc++";
				CLANG_ENABLE_MODULES = YES;
				CLANG_ENABLE_OBJC_ARC = YES;
				CLANG_ENABLE_OBJC_WEAK = YES;
				CLANG_WARN_BLOCK_CAPTURE_AUTORELEASING = YES;
				CLANG_WARN_BOOL_CONVERSION = YES;
				CLANG_WARN_COMMA = YES;
				CLANG_WARN_CONSTANT_CONVERSION = YES;
				CLANG_WARN_DEPRECATED_OBJC_IMPLEMENTATIONS = YES;
				CLANG_WARN_DIRECT_OBJC_ISA_USAGE = YES_ERROR;
				CLANG_WARN_DOCUMENTATION_COMMENTS = YES;
				CLANG_WARN_EMPTY_BODY = YES;
				CLANG_WARN_ENUM_CONVERSION = YES;
				CLANG_WARN_INFINITE_RECURSION = YES;
				CLANG_WARN_INT_CONVERSION = YES;
				CLANG_WARN_NON_LITERAL_NULL_CONVERSION = YES;
				CLANG_WARN_OBJC_IMPLICIT_RETAIN_SELF = YES;
				CLANG_WARN_OBJC_LITERAL_CONVERSION = YES;
				CLANG_WARN_OBJC_ROOT_CLASS = YES_ERROR;
				CLANG_WARN_QUOTED_INCLUDE_IN_FRAMEWORK_HEADER = YES;
				CLANG_WARN_RANGE_LOOP_ANALYSIS = YES;
				CLANG_WARN_STRICT_PROTOTYPES = YES;
				CLANG_WARN_SUSPICIOUS_MOVE = YES;
				CLANG_WARN_UNGUARDED_AVAILABILITY = YES_AGGRESSIVE;
				CLANG_WARN_UNREACHABLE_CODE = YES;
				CLANG_WARN__DUPLICATE_METHOD_MATCH = YES;
				COPY_PHASE_STRIP = NO;
				DEBUG_INFORMATION_FORMAT = "dwarf-with-dsym";
				ENABLE_NS_ASSERTIONS = NO;
				ENABLE_STRICT_OBJC_MSGSEND = YES;
				GCC_C_LANGUAGE_STANDARD = gnu11;
				GCC_NO_COMMON_BLOCKS = YES;
				GCC_WARN_64_TO_32_BIT_CONVERSION = YES;
				GCC_WARN_ABOUT_RETURN_TYPE = YES_ERROR;
				GCC_WARN_UNDECLARED_SELECTOR = YES;
				GCC_WARN_UNINITIALIZED_AUTOS = YES_AGGRESSIVE;
				GCC_WARN_UNUSED_FUNCTION = YES;
				GCC_WARN_UNUSED_VARIABLE = YES;
				IPHONEOS_DEPLOYMENT_TARGET = 14.4;
				MTL_ENABLE_DEBUG_INFO = NO;
				MTL_FAST_MATH = YES;
				SDKROOT = iphoneos;
				SWIFT_COMPILATION_MODE = wholemodule;
				SWIFT_OPTIMIZATION_LEVEL = "-O";
				VALIDATE_PRODUCT = YES;
			};
			name = Release;
		};
		98D6A6D125E8197200EF03CA /* Debug */ = {
			isa = XCBuildConfiguration;
			baseConfigurationReference = 1F0E6176CFF889C14BCDD82D /* Pods-testCoverage.debug.xcconfig */;
			buildSettings = {
				ASSETCATALOG_COMPILER_APPICON_NAME = AppIcon;
				ASSETCATALOG_COMPILER_GLOBAL_ACCENT_COLOR_NAME = AccentColor;
				CODE_SIGN_STYLE = Automatic;
				INFOPLIST_FILE = testCoverage/Info.plist;
				LD_RUNPATH_SEARCH_PATHS = (
					"$(inherited)",
					"@executable_path/Frameworks",
				);
				PRODUCT_BUNDLE_IDENTIFIER = com.jmejia.testCoverage;
				PRODUCT_NAME = "$(TARGET_NAME)";
				SWIFT_VERSION = 5.0;
				TARGETED_DEVICE_FAMILY = "1,2";
			};
			name = Debug;
		};
		98D6A6D225E8197200EF03CA /* Release */ = {
			isa = XCBuildConfiguration;
			baseConfigurationReference = 4030D84D70C2CC7C1A2D19C2 /* Pods-testCoverage.release.xcconfig */;
			buildSettings = {
				ASSETCATALOG_COMPILER_APPICON_NAME = AppIcon;
				ASSETCATALOG_COMPILER_GLOBAL_ACCENT_COLOR_NAME = AccentColor;
				CODE_SIGN_STYLE = Automatic;
				INFOPLIST_FILE = testCoverage/Info.plist;
				LD_RUNPATH_SEARCH_PATHS = (
					"$(inherited)",
					"@executable_path/Frameworks",
				);
				PRODUCT_BUNDLE_IDENTIFIER = com.jmejia.testCoverage;
				PRODUCT_NAME = "$(TARGET_NAME)";
				SWIFT_VERSION = 5.0;
				TARGETED_DEVICE_FAMILY = "1,2";
			};
			name = Release;
		};
		98D6A6D425E8197200EF03CA /* Debug */ = {
			isa = XCBuildConfiguration;
			baseConfigurationReference = 225AC1729502EC249030D7CA /* Pods-testCoverageTests.debug.xcconfig */;
			buildSettings = {
				ALWAYS_EMBED_SWIFT_STANDARD_LIBRARIES = YES;
				BUNDLE_LOADER = "$(TEST_HOST)";
				CODE_SIGN_STYLE = Automatic;
				INFOPLIST_FILE = testCoverageTests/Info.plist;
				IPHONEOS_DEPLOYMENT_TARGET = 14.4;
				LD_RUNPATH_SEARCH_PATHS = (
					"$(inherited)",
					"@executable_path/Frameworks",
					"@loader_path/Frameworks",
				);
				PRODUCT_BUNDLE_IDENTIFIER = com.jmejia.testCoverageTests;
				PRODUCT_NAME = "$(TARGET_NAME)";
				SWIFT_VERSION = 5.0;
				TARGETED_DEVICE_FAMILY = "1,2";
				TEST_HOST = "$(BUILT_PRODUCTS_DIR)/testCoverage.app/testCoverage";
			};
			name = Debug;
		};
		98D6A6D525E8197200EF03CA /* Release */ = {
			isa = XCBuildConfiguration;
			baseConfigurationReference = 6C77B264683DE9F6229C2F7E /* Pods-testCoverageTests.release.xcconfig */;
			buildSettings = {
				ALWAYS_EMBED_SWIFT_STANDARD_LIBRARIES = YES;
				BUNDLE_LOADER = "$(TEST_HOST)";
				CODE_SIGN_STYLE = Automatic;
				INFOPLIST_FILE = testCoverageTests/Info.plist;
				IPHONEOS_DEPLOYMENT_TARGET = 14.4;
				LD_RUNPATH_SEARCH_PATHS = (
					"$(inherited)",
					"@executable_path/Frameworks",
					"@loader_path/Frameworks",
				);
				PRODUCT_BUNDLE_IDENTIFIER = com.jmejia.testCoverageTests;
				PRODUCT_NAME = "$(TARGET_NAME)";
				SWIFT_VERSION = 5.0;
				TARGETED_DEVICE_FAMILY = "1,2";
				TEST_HOST = "$(BUILT_PRODUCTS_DIR)/testCoverage.app/testCoverage";
			};
			name = Release;
		};
/* End XCBuildConfiguration section */

/* Begin XCConfigurationList section */
		98D6A6A125E8197000EF03CA /* Build configuration list for PBXProject "testCoverage" */ = {
			isa = XCConfigurationList;
			buildConfigurations = (
				98D6A6CE25E8197200EF03CA /* Debug */,
				98D6A6CF25E8197200EF03CA /* Release */,
			);
			defaultConfigurationIsVisible = 0;
			defaultConfigurationName = Release;
		};
		98D6A6D025E8197200EF03CA /* Build configuration list for PBXNativeTarget "testCoverage" */ = {
			isa = XCConfigurationList;
			buildConfigurations = (
				98D6A6D125E8197200EF03CA /* Debug */,
				98D6A6D225E8197200EF03CA /* Release */,
			);
			defaultConfigurationIsVisible = 0;
			defaultConfigurationName = Release;
		};
		98D6A6D325E8197200EF03CA /* Build configuration list for PBXNativeTarget "testCoverageTests" */ = {
			isa = XCConfigurationList;
			buildConfigurations = (
				98D6A6D425E8197200EF03CA /* Debug */,
				98D6A6D525E8197200EF03CA /* Release */,
			);
			defaultConfigurationIsVisible = 0;
			defaultConfigurationName = Release;
		};
/* End XCConfigurationList section */
	};
	rootObject = 98D6A69E25E8197000EF03CA /* Project object */;
}
